
Microsoft Visual Studio Solution File, Format Version 12.00
# Visual Studio Version 16
VisualStudioVersion = 16.0.29503.13
MinimumVisualStudioVersion = 10.0.40219.1
Project("{9A19103F-16F7-4668-BE54-9A1E7A4F7556}") = "TodoApi", "TodoApi\TodoApi.csproj", "{8F790CA3-71CC-4F34-A2FF-BFC988B6C621}"
EndProject
Project("{FAE04EC0-301F-11D3-BF4B-00C04F79EFBC}") = "XUnitTest", "XUnitTest\XUnitTest.csproj", "{3E4F4545-3C22-4A24-84B8-A788E2B02441}"
EndProject
Global
	GlobalSection(SolutionConfigurationPlatforms) = preSolution
		Debug|Any CPU = Debug|Any CPU
		Release|Any CPU = Release|Any CPU
	EndGlobalSection
	GlobalSection(ProjectConfigurationPlatforms) = postSolution
		{8F790CA3-71CC-4F34-A2FF-BFC988B6C621}.Debug|Any CPU.ActiveCfg = Debug|Any CPU
		{8F790CA3-71CC-4F34-A2FF-BFC988B6C621}.Debug|Any CPU.Build.0 = Debug|Any CPU
		{8F790CA3-71CC-4F34-A2FF-BFC988B6C621}.Release|Any CPU.ActiveCfg = Release|Any CPU
		{8F790CA3-71CC-4F34-A2FF-BFC988B6C621}.Release|Any CPU.Build.0 = Release|Any CPU
		{3E4F4545-3C22-4A24-84B8-A788E2B02441}.Debug|Any CPU.ActiveCfg = Debug|Any CPU
		{3E4F4545-3C22-4A24-84B8-A788E2B02441}.Debug|Any CPU.Build.0 = Debug|Any CPU
		{3E4F4545-3C22-4A24-84B8-A788E2B02441}.Release|Any CPU.ActiveCfg = Release|Any CPU
		{3E4F4545-3C22-4A24-84B8-A788E2B02441}.Release|Any CPU.Build.0 = Release|Any CPU
	EndGlobalSection
	GlobalSection(SolutionProperties) = preSolution
		HideSolutionNode = FALSE
	EndGlobalSection
	GlobalSection(ExtensibilityGlobals) = postSolution
		SolutionGuid = {55DC886A-3243-43C3-8D7F-FFF0CE4A998E}
	EndGlobalSection
EndGlobal
